// !$*UTF8*$!
{
	archiveVersion = 1;
	classes = {
	};
	objectVersion = 46;
	objects = {

/* Begin PBXBuildFile section */
		4B4905D41DA5EB84006C571C /* AppDelegate.swift in Sources */ = {isa = PBXBuildFile; fileRef = 4B4905D31DA5EB84006C571C /* AppDelegate.swift */; };
		4B4905D61DA5EB84006C571C /* ViewController.swift in Sources */ = {isa = PBXBuildFile; fileRef = 4B4905D51DA5EB84006C571C /* ViewController.swift */; };
		4B4905D91DA5EB84006C571C /* Main.storyboard in Resources */ = {isa = PBXBuildFile; fileRef = 4B4905D71DA5EB84006C571C /* Main.storyboard */; };
		4B4905DB1DA5EB84006C571C /* Assets.xcassets in Resources */ = {isa = PBXBuildFile; fileRef = 4B4905DA1DA5EB84006C571C /* Assets.xcassets */; };
		4B4905DE1DA5EB84006C571C /* LaunchScreen.storyboard in Resources */ = {isa = PBXBuildFile; fileRef = 4B4905DC1DA5EB84006C571C /* LaunchScreen.storyboard */; };
		4B4905E61DA5EBBF006C571C /* Calculation.swift in Sources */ = {isa = PBXBuildFile; fileRef = 4B4905E51DA5EBBF006C571C /* Calculation.swift */; };
		4B4905E81DA5EC0F006C571C /* Region.swift in Sources */ = {isa = PBXBuildFile; fileRef = 4B4905E71DA5EC0F006C571C /* Region.swift */; };
/* End PBXBuildFile section */

/* Begin PBXFileReference section */
		4B4905D01DA5EB84006C571C /* FourColorProblem.app */ = {isa = PBXFileReference; explicitFileType = wrapper.application; includeInIndex = 0; path = FourColorProblem.app; sourceTree = BUILT_PRODUCTS_DIR; };
		4B4905D31DA5EB84006C571C /* AppDelegate.swift */ = {isa = PBXFileReference; lastKnownFileType = sourcecode.swift; path = AppDelegate.swift; sourceTree = "<group>"; };
		4B4905D51DA5EB84006C571C /* ViewController.swift */ = {isa = PBXFileReference; lastKnownFileType = sourcecode.swift; path = ViewController.swift; sourceTree = "<group>"; };
		4B4905D81DA5EB84006C571C /* Base */ = {isa = PBXFileReference; lastKnownFileType = file.storyboard; name = Base; path = Base.lproj/Main.storyboard; sourceTree = "<group>"; };
		4B4905DA1DA5EB84006C571C /* Assets.xcassets */ = {isa = PBXFileReference; lastKnownFileType = folder.assetcatalog; path = Assets.xcassets; sourceTree = "<group>"; };
		4B4905DD1DA5EB84006C571C /* Base */ = {isa = PBXFileReference; lastKnownFileType = file.storyboard; name = Base; path = Base.lproj/LaunchScreen.storyboard; sourceTree = "<group>"; };
		4B4905DF1DA5EB84006C571C /* Info.plist */ = {isa = PBXFileReference; lastKnownFileType = text.plist.xml; path = Info.plist; sourceTree = "<group>"; };
		4B4905E51DA5EBBF006C571C /* Calculation.swift */ = {isa = PBXFileReference; fileEncoding = 4; lastKnownFileType = sourcecode.swift; path = Calculation.swift; sourceTree = "<group>"; };
		4B4905E71DA5EC0F006C571C /* Region.swift */ = {isa = PBXFileReference; fileEncoding = 4; lastKnownFileType = sourcecode.swift; path = Region.swift; sourceTree = "<group>"; };
/* End PBXFileReference section */

/* Begin PBXFrameworksBuildPhase section */
		4B4905CD1DA5EB84006C571C /* Frameworks */ = {
			isa = PBXFrameworksBuildPhase;
			buildActionMask = 2147483647;
			files = (
			);
			runOnlyForDeploymentPostprocessing = 0;
		};
/* End PBXFrameworksBuildPhase section */

/* Begin PBXGroup section */
		4B4905C71DA5EB84006C571C = {
			isa = PBXGroup;
			children = (
				4B4905D21DA5EB84006C571C /* FourColorProblem */,
				4B4905D11DA5EB84006C571C /* Products */,
			);
			sourceTree = "<group>";
		};
		4B4905D11DA5EB84006C571C /* Products */ = {
			isa = PBXGroup;
			children = (
				4B4905D01DA5EB84006C571C /* FourColorProblem.app */,
			);
			name = Products;
			sourceTree = "<group>";
		};
		4B4905D21DA5EB84006C571C /* FourColorProblem */ = {
			isa = PBXGroup;
			children = (
				4B4905D31DA5EB84006C571C /* AppDelegate.swift */,
				4B4905D51DA5EB84006C571C /* ViewController.swift */,
				4B4905E51DA5EBBF006C571C /* Calculation.swift */,
				4B4905E71DA5EC0F006C571C /* Region.swift */,
				4B4905D71DA5EB84006C571C /* Main.storyboard */,
				4B4905DA1DA5EB84006C571C /* Assets.xcassets */,
				4B4905DC1DA5EB84006C571C /* LaunchScreen.storyboard */,
				4B4905DF1DA5EB84006C571C /* Info.plist */,
			);
			path = FourColorProblem;
			sourceTree = "<group>";
		};
/* End PBXGroup section */

/* Begin PBXNativeTarget section */
		4B4905CF1DA5EB84006C571C /* FourColorProblem */ = {
			isa = PBXNativeTarget;
			buildConfigurationList = 4B4905E21DA5EB84006C571C /* Build configuration list for PBXNativeTarget "FourColorProblem" */;
			buildPhases = (
				4B4905CC1DA5EB84006C571C /* Sources */,
				4B4905CD1DA5EB84006C571C /* Frameworks */,
				4B4905CE1DA5EB84006C571C /* Resources */,
			);
			buildRules = (
			);
			dependencies = (
			);
			name = FourColorProblem;
			productName = FourColorProblem;
			productReference = 4B4905D01DA5EB84006C571C /* FourColorProblem.app */;
			productType = "com.apple.product-type.application";
		};
/* End PBXNativeTarget section */

/* Begin PBXProject section */
		4B4905C81DA5EB84006C571C /* Project object */ = {
			isa = PBXProject;
			attributes = {
				LastSwiftUpdateCheck = 0730;
				LastUpgradeCheck = 0730;
				ORGANIZATIONNAME = KajiharaYuma;
				TargetAttributes = {
					4B4905CF1DA5EB84006C571C = {
						CreatedOnToolsVersion = 7.3;
						DevelopmentTeam = 3G46R2P9C7;
					};
				};
			};
			buildConfigurationList = 4B4905CB1DA5EB84006C571C /* Build configuration list for PBXProject "FourColorProblem" */;
			compatibilityVersion = "Xcode 3.2";
			developmentRegion = English;
			hasScannedForEncodings = 0;
			knownRegions = (
				en,
				Base,
			);
			mainGroup = 4B4905C71DA5EB84006C571C;
			productRefGroup = 4B4905D11DA5EB84006C571C /* Products */;
			projectDirPath = "";
			projectRoot = "";
			targets = (
				4B4905CF1DA5EB84006C571C /* FourColorProblem */,
			);
		};
/* End PBXProject section */

/* Begin PBXResourcesBuildPhase section */
		4B4905CE1DA5EB84006C571C /* Resources */ = {
			isa = PBXResourcesBuildPhase;
			buildActionMask = 2147483647;
			files = (
				4B4905DE1DA5EB84006C571C /* LaunchScreen.storyboard in Resources */,
				4B4905DB1DA5EB84006C571C /* Assets.xcassets in Resources */,
				4B4905D91DA5EB84006C571C /* Main.storyboard in Resources */,
			);
			runOnlyForDeploymentPostprocessing = 0;
		};
/* End PBXResourcesBuildPhase section */

/* Begin PBXSourcesBuildPhase section */
		4B4905CC1DA5EB84006C571C /* Sources */ = {
			isa = PBXSourcesBuildPhase;
			buildActionMask = 2147483647;
			files = (
				4B4905D61DA5EB84006C571C /* ViewController.swift in Sources */,
				4B4905E61DA5EBBF006C571C /* Calculation.swift in Sources */,
				4B4905D41DA5EB84006C571C /* AppDelegate.swift in Sources */,
				4B4905E81DA5EC0F006C571C /* Region.swift in Sources */,
			);
			runOnlyForDeploymentPostprocessing = 0;
		};
/* End PBXSourcesBuildPhase section */

/* Begin PBXVariantGroup section */
		4B4905D71DA5EB84006C571C /* Main.storyboard */ = {
			isa = PBXVariantGroup;
			children = (
				4B4905D81DA5EB84006C571C /* Base */,
			);
			name = Main.storyboard;
			sourceTree = "<group>";
		};
		4B4905DC1DA5EB84006C571C /* LaunchScreen.storyboard */ = {
			isa = PBXVariantGroup;
			children = (
				4B4905DD1DA5EB84006C571C /* Base */,
			);
			name = LaunchScreen.storyboard;
			sourceTree = "<group>";
		};
/* End PBXVariantGroup section */

/* Begin XCBuildConfiguration section */
		4B4905E01DA5EB84006C571C /* Debug */ = {
			isa = XCBuildConfiguration;
			buildSettings = {
				ALWAYS_SEARCH_USER_PATHS = NO;
				CLANG_ANALYZER_NONNULL = YES;
				CLANG_CXX_LANGUAGE_STANDARD = "gnu++0x";
				CLANG_CXX_LIBRARY = "libc++";
				CLANG_ENABLE_MODULES = YES;
				CLANG_ENABLE_OBJC_ARC = YES;
				CLANG_WARN_BOOL_CONVERSION = YES;
				CLANG_WARN_CONSTANT_CONVERSION = YES;
				CLANG_WARN_DIRECT_OBJC_ISA_USAGE = YES_ERROR;
				CLANG_WARN_EMPTY_BODY = YES;
				CLANG_WARN_ENUM_CONVERSION = YES;
				CLANG_WARN_INT_CONVERSION = YES;
				CLANG_WARN_OBJC_ROOT_CLASS = YES_ERROR;
				CLANG_WARN_UNREACHABLE_CODE = YES;
				CLANG_WARN__DUPLICATE_METHOD_MATCH = YES;
				"CODE_SIGN_IDENTITY[sdk=iphoneos*]" = "iPhone Developer";
				COPY_PHASE_STRIP = NO;
				DEBUG_INFORMATION_FORMAT = dwarf;
				ENABLE_STRICT_OBJC_MSGSEND = YES;
				ENABLE_TESTABILITY = YES;
				GCC_C_LANGUAGE_STANDARD = gnu99;
				GCC_DYNAMIC_NO_PIC = NO;
				GCC_NO_COMMON_BLOCKS = YES;
				GCC_OPTIMIZATION_LEVEL = 0;
				GCC_PREPROCESSOR_DEFINITIONS = (
					"DEBUG=1",
					"$(inherited)",
				);
				GCC_WARN_64_TO_32_BIT_CONVERSION = YES;
				GCC_WARN_ABOUT_RETURN_TYPE = YES_ERROR;
				GCC_WARN_UNDECLARED_SELECTOR = YES;
				GCC_WARN_UNINITIALIZED_AUTOS = YES_AGGRESSIVE;
				GCC_WARN_UNUSED_FUNCTION = YES;
				GCC_WARN_UNUSED_VARIABLE = YES;
				IPHONEOS_DEPLOYMENT_TARGET = 9.3;
				MTL_ENABLE_DEBUG_INFO = YES;
				ONLY_ACTIVE_ARCH = YES;
				SDKROOT = iphoneos;
				SWIFT_OPTIMIZATION_LEVEL = "-Onone";
			};
			name = Debug;
		};
		4B4905E11DA5EB84006C571C /* Release */ = {
			isa = XCBuildConfiguration;
			buildSettings = {
				ALWAYS_SEARCH_USER_PATHS = NO;
				CLANG_ANALYZER_NONNULL = YES;
				CLANG_CXX_LANGUAGE_STANDARD = "gnu++0x";
				CLANG_CXX_LIBRARY = "libc++";
				CLANG_ENABLE_MODULES = YES;
				CLANG_ENABLE_OBJC_ARC = YES;
				CLANG_WARN_BOOL_CONVERSION = YES;
				CLANG_WARN_CONSTANT_CONVERSION = YES;
				CLANG_WARN_DIRECT_OBJC_ISA_USAGE = YES_ERROR;
				CLANG_WARN_EMPTY_BODY = YES;
				CLANG_WARN_ENUM_CONVERSION = YES;
				CLANG_WARN_INT_CONVERSION = YES;
				CLANG_WARN_OBJC_ROOT_CLASS = YES_ERROR;
				CLANG_WARN_UNREACHABLE_CODE = YES;
				CLANG_WARN__DUPLICATE_METHOD_MATCH = YES;
				"CODE_SIGN_IDENTITY[sdk=iphoneos*]" = "iPhone Developer";
				COPY_PHASE_STRIP = NO;
				DEBUG_INFORMATION_FORMAT = "dwarf-with-dsym";
				ENABLE_NS_ASSERTIONS = NO;
				ENABLE_STRICT_OBJC_MSGSEND = YES;
				GCC_C_LANGUAGE_STANDARD = gnu99;
				GCC_NO_COMMON_BLOCKS = YES;
				GCC_WARN_64_TO_32_BIT_CONVERSION = YES;
				GCC_WARN_ABOUT_RETURN_TYPE = YES_ERROR;
				GCC_WARN_UNDECLARED_SELECTOR = YES;
				GCC_WARN_UNINITIALIZED_AUTOS = YES_AGGRESSIVE;
				GCC_WARN_UNUSED_FUNCTION = YES;
				GCC_WARN_UNUSED_VARIABLE = YES;
				IPHONEOS_DEPLOYMENT_TARGET = 9.3;
				MTL_ENABLE_DEBUG_INFO = NO;
				SDKROOT = iphoneos;
				VALIDATE_PRODUCT = YES;
			};
			name = Release;
		};
		4B4905E31DA5EB84006C571C /* Debug */ = {
			isa = XCBuildConfiguration;
			buildSettings = {
				ASSETCATALOG_COMPILER_APPICON_NAME = AppIcon;
				CODE_SIGN_IDENTITY = "iPhone Developer";
				"CODE_SIGN_IDENTITY[sdk=iphoneos*]" = "iPhone Developer";
				INFOPLIST_FILE = FourColorProblem/Info.plist;
				LD_RUNPATH_SEARCH_PATHS = "$(inherited) @executable_path/Frameworks";
				PRODUCT_BUNDLE_IDENTIFIER = com.yuma.FourColorProblem;
				PRODUCT_NAME = "$(TARGET_NAME)";
				PROVISIONING_PROFILE = "";
			};
			name = Debug;
		};
		4B4905E41DA5EB84006C571C /* Release */ = {
			isa = XCBuildConfiguration;
			buildSettings = {
				ASSETCATALOG_COMPILER_APPICON_NAME = AppIcon;
				CODE_SIGN_IDENTITY = "iPhone Developer";
				"CODE_SIGN_IDENTITY[sdk=iphoneos*]" = "iPhone Developer";
				INFOPLIST_FILE = FourColorProblem/Info.plist;
				LD_RUNPATH_SEARCH_PATHS = "$(inherited) @executable_path/Frameworks";
				PRODUCT_BUNDLE_IDENTIFIER = com.yuma.FourColorProblem;
				PRODUCT_NAME = "$(TARGET_NAME)";
				PROVISIONING_PROFILE = "";
			};
			name = Release;
		};
/* End XCBuildConfiguration section */

/* Begin XCConfigurationList section */
		4B4905CB1DA5EB84006C571C /* Build configuration list for PBXProject "FourColorProblem" */ = {
			isa = XCConfigurationList;
			buildConfigurations = (
				4B4905E01DA5EB84006C571C /* Debug */,
				4B4905E11DA5EB84006C571C /* Release */,
			);
			defaultConfigurationIsVisible = 0;
			defaultConfigurationName = Release;
		};
		4B4905E21DA5EB84006C571C /* Build configuration list for PBXNativeTarget "FourColorProblem" */ = {
			isa = XCConfigurationList;
			buildConfigurations = (
				4B4905E31DA5EB84006C571C /* Debug */,
				4B4905E41DA5EB84006C571C /* Release */,
			);
			defaultConfigurationIsVisible = 0;
		};
/* End XCConfigurationList section */
	};
	rootObject = 4B4905C81DA5EB84006C571C /* Project object */;
}
